{
  "name": "fopp-pretext",
  "lockfileVersion": 2,
  "requires": true,
  "packages": {
    "": {
      "dependencies": {
        "pretext": "^0.3.0"
      }
    },
    "node_modules/pretext": {
      "version": "0.3.0",
      "resolved": "https://registry.npmjs.org/pretext/-/pretext-0.3.0.tgz",
      "integrity": "sha512-Lw7xNZ0KL1N1pzcDr/y2rqsygNDCaZkwP4d/SglB9wFOkFtWPGj62MfYG63CAcf+J1Io5QBfGglzyULx3F9WdA==",
      "bin": {
        "pretext": "bin/pretext"
      }
    }
  },
  "dependencies": {
    "pretext": {
      "version": "0.3.0",
      "resolved": "https://registry.npmjs.org/pretext/-/pretext-0.3.0.tgz",
      "integrity": "sha512-Lw7xNZ0KL1N1pzcDr/y2rqsygNDCaZkwP4d/SglB9wFOkFtWPGj62MfYG63CAcf+J1Io5QBfGglzyULx3F9WdA=="
    }
  }
}
